dependencies:
- name: memcached
  repository: file://../../common/memcached
  version: 0.0.1
- name: rabbitmq
  repository: file://../../common/rabbitmq
  version: 0.1.0
- name: postgresql
  repository: file://../../common/postgresql
  version: 0.3.0
- name: pgmetrics
  repository: file://../../common/pgmetrics
  version: 0.1.0
digest: sha256:3c4e4ca83acb15a1777e2b2dfcf20e2ec242ea242d437488361839f075121f08
generated: 2018-03-28T18:15:22.526876+02:00
